
Microsoft Visual Studio Solution File, Format Version 12.00
# Visual Studio Version 16
VisualStudioVersion = 16.0.30804.86
MinimumVisualStudioVersion = 10.0.40219.1
Project("{FAE04EC0-301F-11D3-BF4B-00C04F79EFBC}") = "Uri 1018", "Uri 1018\Uri 1018.csproj", "{57C0FC48-1A94-4B1B-B558-47995E5A3054}"
EndProject
Global
	GlobalSection(SolutionConfigurationPlatforms) = preSolution
		Debug|Any CPU = Debug|Any CPU
		Release|Any CPU = Release|Any CPU
	EndGlobalSection
	GlobalSection(ProjectConfigurationPlatforms) = postSolution
		{57C0FC48-1A94-4B1B-B558-47995E5A3054}.Debug|Any CPU.ActiveCfg = Debug|Any CPU
		{57C0FC48-1A94-4B1B-B558-47995E5A3054}.Debug|Any CPU.Build.0 = Debug|Any CPU
		{57C0FC48-1A94-4B1B-B558-47995E5A3054}.Release|Any CPU.ActiveCfg = Release|Any CPU
		{57C0FC48-1A94-4B1B-B558-47995E5A3054}.Release|Any CPU.Build.0 = Release|Any CPU
	EndGlobalSection
	GlobalSection(SolutionProperties) = preSolution
		HideSolutionNode = FALSE
	EndGlobalSection
	GlobalSection(ExtensibilityGlobals) = postSolution
		SolutionGuid = {A5AE156C-21F1-43BD-B5C7-DCDAC8C97659}
	EndGlobalSection
EndGlobal
